{
  "name": "Capture Data",
  "lockfileVersion": 2,
  "requires": true,
  "packages": {
    "": {
      "dependencies": {
        "fast-speedtest-api": "^0.3.2",
        "ping-monitor": "^0.6.2"
      }
    },
    "node_modules/fast-speedtest-api": {
      "version": "0.3.2",
      "resolved": "https://registry.npmjs.org/fast-speedtest-api/-/fast-speedtest-api-0.3.2.tgz",
      "integrity": "sha512-QEfo3wytVo3x/ds4grti1nJUGZhmgdX9OpQbkXc6levJamjUFenb1SdbiVYhrTx27pvOAHSJOAXMu62K0dIEDQ==",
      "bin": {
        "fast-speedtest": "src/cli.js"
      },
      "engines": {
        "node": ">=7.10.1"
      }
    },
    "node_modules/ping-monitor": {
      "version": "0.6.2",
      "resolved": "https://registry.npmjs.org/ping-monitor/-/ping-monitor-0.6.2.tgz",
      "integrity": "sha512-t5L72w9DYhlRpeJNuQe/tcupKloLiKZiAJzhVyHkUcQeywOefYoHNW4xQb5BGLhQEyIdxsBdNcf9yedPLx0QFA==",
      "engines": {
        "node": ">=12.x",
        "npm": ">=1.3.x"
      }
    }
  },
  "dependencies": {
    "fast-speedtest-api": {
      "version": "0.3.2",
      "resolved": "https://registry.npmjs.org/fast-speedtest-api/-/fast-speedtest-api-0.3.2.tgz",
      "integrity": "sha512-QEfo3wytVo3x/ds4grti1nJUGZhmgdX9OpQbkXc6levJamjUFenb1SdbiVYhrTx27pvOAHSJOAXMu62K0dIEDQ=="
    },
    "ping-monitor": {
      "version": "0.6.2",
      "resolved": "https://registry.npmjs.org/ping-monitor/-/ping-monitor-0.6.2.tgz",
      "integrity": "sha512-t5L72w9DYhlRpeJNuQe/tcupKloLiKZiAJzhVyHkUcQeywOefYoHNW4xQb5BGLhQEyIdxsBdNcf9yedPLx0QFA=="
    }
  }
}
